PODS:
  - Ads-CN (4.4.0.7):
    - Ads-CN/BUAdSDK (= 4.4.0.7)
  - Ads-CN/BUAdSDK (4.4.0.7):
    - Ads-CN/BUFoundation
    - Ads-CN/Domestic
  - Ads-CN/BUFoundation (4.4.0.7):
    - BURelyFoundation (= 0.0.1.47)
  - Ads-CN/Domestic (4.4.0.7):
    - Ads-CN/BUFoundation
  - BaiduMobAdSDK (4.861)
  - BURelyFoundation (0.0.1.47):
    - BURelyFoundation/HM (= 0.0.1.47)
    - BURelyFoundation/NETWork (= 0.0.1.47)
  - BURelyFoundation/HM (0.0.1.47)
  - BURelyFoundation/NETWork (0.0.1.47)
  - GDTMobSDK (4.13.70):
    - GDTMobSDK/GDTMobSDK (= 4.13.70)
  - GDTMobSDK/GDTMobSDK (4.13.70)
  - KSAdSDK (3.3.25)
  - MintegralAdSDK (7.1.6.0):
    - MintegralAdSDK/BannerAd (= 7.1.6.0)
    - MintegralAdSDK/BidBannerAd (= 7.1.6.0)
    - MintegralAdSDK/BidInterstitialVideoAd (= 7.1.6.0)
    - MintegralAdSDK/BidNativeAd (= 7.1.6.0)
    - MintegralAdSDK/BidNewInterstitialAd (= 7.1.6.0)
    - MintegralAdSDK/BidRewardVideoAd (= 7.1.6.0)
    - MintegralAdSDK/InterstitialVideoAd (= 7.1.6.0)
    - MintegralAdSDK/NativeAd (= 7.1.6.0)
    - MintegralAdSDK/NewInterstitialAd (= 7.1.6.0)
    - MintegralAdSDK/RewardVideoAd (= 7.1.6.0)
  - MintegralAdSDK/BannerAd (7.1.6.0):
    - MintegralAdSDK/NativeAd
  - MintegralAdSDK/BidBannerAd (7.1.6.0):
    - MintegralAdSDK/BannerAd
    - MintegralAdSDK/BidNativeAd
  - MintegralAdSDK/BidInterstitialVideoAd (7.1.6.0):
    - MintegralAdSDK/BidNativeAd
    - MintegralAdSDK/InterstitialVideoAd
  - MintegralAdSDK/BidNativeAd (7.1.6.0):
    - MintegralAdSDK/NativeAd
  - MintegralAdSDK/BidNewInterstitialAd (7.1.6.0):
    - MintegralAdSDK/BidNativeAd
    - MintegralAdSDK/NewInterstitialAd
  - MintegralAdSDK/BidRewardVideoAd (7.1.6.0):
    - MintegralAdSDK/BidNativeAd
    - MintegralAdSDK/RewardVideoAd
  - MintegralAdSDK/InterstitialAd (7.1.6.0):
    - MintegralAdSDK/NativeAd
  - MintegralAdSDK/InterstitialVideoAd (7.1.6.0):
    - MintegralAdSDK/NativeAd
  - MintegralAdSDK/NativeAd (7.1.6.0)
  - MintegralAdSDK/NativeAdvancedAd (7.1.6.0):
    - MintegralAdSDK/NativeAd
  - MintegralAdSDK/NewInterstitialAd (7.1.6.0):
    - MintegralAdSDK/InterstitialVideoAd
    - MintegralAdSDK/NativeAd
  - MintegralAdSDK/RewardVideoAd (7.1.6.0):
    - MintegralAdSDK/NativeAd
  - MintegralAdSDK/SplashAd (7.1.6.0):
    - MintegralAdSDK/NativeAd
  - SigmobAd-iOS (3.4.3):
    - SigmobAd-iOS/WindSDK (= 3.4.3)
  - SigmobAd-iOS/WindSDK (3.4.3)
  - ZJSDK (2.4.1.1):
    - ZJSDK/ZJSDKModuleBD (= 2.4.1.1)
    - ZJSDK/ZJSDKModuleCSJ (= 2.4.1.1)
    - ZJSDK/ZJSDKModuleDSP (= 2.4.1.1)
    - ZJSDK/ZJSDKModuleGDT (= 2.4.1.1)
    - ZJSDK/ZJSDKModuleKS (= 2.4.1.1)
    - ZJSDK/ZJSDKModuleMTG (= 2.4.1.1)
    - ZJSDK/ZJSDKModuleSIG (= 2.4.1.1)
  - ZJSDK/ZJAdSDK (2.4.1.1)
  - ZJSDK/ZJSDKModuleBD (2.4.1.1):
    - BaiduMobAdSDK
    - ZJSDK/ZJAdSDK
  - ZJSDK/ZJSDKModuleCSJ (2.4.1.1):
    - Ads-CN (~> 4.0)
    - ZJSDK/ZJAdSDK
  - ZJSDK/ZJSDKModuleDSP (2.4.1.1):
    - ZJSDK/ZJAdSDK
  - ZJSDK/ZJSDKModuleGDT (2.4.1.1):
    - GDTMobSDK (~> 4.13)
    - ZJSDK/ZJAdSDK
  - ZJSDK/ZJSDKModuleKS (2.4.1.1):
    - KSAdSDK (~> 3.3)
    - ZJSDK/ZJAdSDK
  - ZJSDK/ZJSDKModuleMTG (2.4.1.1):
    - MintegralAdSDK (~> 7.0)
    - MintegralAdSDK/BannerAd
    - MintegralAdSDK/InterstitialAd
    - MintegralAdSDK/NativeAdvancedAd
    - MintegralAdSDK/RewardVideoAd
    - MintegralAdSDK/SplashAd
    - ZJSDK/ZJAdSDK
  - ZJSDK/ZJSDKModuleSIG (2.4.1.1):
    - SigmobAd-iOS (~> 3.4.3)
    - ZJSDK/ZJAdSDK

DEPENDENCIES:
  - ZJSDK (from `../`)

SPEC REPOS:
  trunk:
    - Ads-CN
    - BaiduMobAdSDK
    - BURelyFoundation
    - GDTMobSDK
    - KSAdSDK
    - MintegralAdSDK
    - SigmobAd-iOS

EXTERNAL SOURCES:
  ZJSDK:
    :path: "../"

SPEC CHECKSUMS:
  Ads-CN: 94ade9100fe370f96a1c2e878c3ff03f823053e4
  BaiduMobAdSDK: 23e9ca38da6685dd35bb1a32540ff20353ec2361
  BURelyFoundation: 5e7f811867d3ee91ed20e426c505e31c55674256
  GDTMobSDK: 22c1b935a45797cc175df35f79db9d49a9b738bc
  KSAdSDK: b2932c54160f71af31bf704d0c284c8b9d26735e
  MintegralAdSDK: e9566e66adf89797ccd25ed8c26ec376bfaaaf2f
  SigmobAd-iOS: ac93929587c58c3cf35f83a27ea8829fb7d1b555
  ZJSDK: c68c9ec065f3bc2a20d3d523dcdc3c51ff075d0e

PODFILE CHECKSUM: 521295049538a79fedf2f4286f0e74226b9ce729

COCOAPODS: 1.11.3
